
Microsoft Visual Studio Solution File, Format Version 12.00
# Visual Studio Version 17
VisualStudioVersion = 17.4.33205.214
MinimumVisualStudioVersion = 10.0.40219.1
Project("{8BC9CEB8-8B4A-11D0-8D11-00A0C91BC942}") = "Lab_6", "Lab_6.vcxproj", "{B87531F5-7BD0-44AF-A5EE-13D27E6BB568}"
EndProject
Project("{8BC9CEB8-8B4A-11D0-8D11-00A0C91BC942}") = "UnitTest1", "..\UnitTest1\UnitTest1.vcxproj", "{A6634FEC-CBC4-42BD-9895-90F100A3F8C7}"
EndProject
Global
	GlobalSection(SolutionConfigurationPlatforms) = preSolution
		Debug|x64 = Debug|x64
		Debug|x86 = Debug|x86
		Release|x64 = Release|x64
		Release|x86 = Release|x86
	EndGlobalSection
	GlobalSection(ProjectConfigurationPlatforms) = postSolution
		{B87531F5-7BD0-44AF-A5EE-13D27E6BB568}.Debug|x64.ActiveCfg = Debug|x64
		{B87531F5-7BD0-44AF-A5EE-13D27E6BB568}.Debug|x64.Build.0 = Debug|x64
		{B87531F5-7BD0-44AF-A5EE-13D27E6BB568}.Debug|x86.ActiveCfg = Debug|Win32
		{B87531F5-7BD0-44AF-A5EE-13D27E6BB568}.Debug|x86.Build.0 = Debug|Win32
		{B87531F5-7BD0-44AF-A5EE-13D27E6BB568}.Release|x64.ActiveCfg = Release|x64
		{B87531F5-7BD0-44AF-A5EE-13D27E6BB568}.Release|x64.Build.0 = Release|x64
		{B87531F5-7BD0-44AF-A5EE-13D27E6BB568}.Release|x86.ActiveCfg = Release|Win32
		{B87531F5-7BD0-44AF-A5EE-13D27E6BB568}.Release|x86.Build.0 = Release|Win32
		{A6634FEC-CBC4-42BD-9895-90F100A3F8C7}.Debug|x64.ActiveCfg = Debug|x64
		{A6634FEC-CBC4-42BD-9895-90F100A3F8C7}.Debug|x64.Build.0 = Debug|x64
		{A6634FEC-CBC4-42BD-9895-90F100A3F8C7}.Debug|x86.ActiveCfg = Debug|Win32
		{A6634FEC-CBC4-42BD-9895-90F100A3F8C7}.Debug|x86.Build.0 = Debug|Win32
		{A6634FEC-CBC4-42BD-9895-90F100A3F8C7}.Release|x64.ActiveCfg = Release|x64
		{A6634FEC-CBC4-42BD-9895-90F100A3F8C7}.Release|x64.Build.0 = Release|x64
		{A6634FEC-CBC4-42BD-9895-90F100A3F8C7}.Release|x86.ActiveCfg = Release|Win32
		{A6634FEC-CBC4-42BD-9895-90F100A3F8C7}.Release|x86.Build.0 = Release|Win32
	EndGlobalSection
	GlobalSection(SolutionProperties) = preSolution
		HideSolutionNode = FALSE
	EndGlobalSection
	GlobalSection(ExtensibilityGlobals) = postSolution
		SolutionGuid = {E953C20F-C8FC-4F3A-97A5-B761814CE046}
	EndGlobalSection
EndGlobal
